PODS:
  - Alamofire (4.9.1)
  - BikeApi (1.0.0):
    - Alamofire (~> 4.8)
    - KeychainAccess
    - MSAL
    - ObjectMapper
    - PromiseKit (~> 6.8.3)
  - KeychainAccess (4.2.2)
  - MSAL (1.1.24):
    - MSAL/app-lib (= 1.1.24)
  - MSAL/app-lib (1.1.24)
  - ObjectMapper (4.2.0)
  - PromiseKit (6.8.5):
    - PromiseKit/CorePromise (= 6.8.5)
    - PromiseKit/Foundation (= 6.8.5)
    - PromiseKit/UIKit (= 6.8.5)
  - PromiseKit/CorePromise (6.8.5)
  - PromiseKit/Foundation (6.8.5):
    - PromiseKit/CorePromise
  - PromiseKit/UIKit (6.8.5):
    - PromiseKit/CorePromise

DEPENDENCIES:
  - Alamofire (~> 4.8)
  - BikeApi (from `../`)
  - KeychainAccess
  - MSAL
  - ObjectMapper
  - PromiseKit (~> 6.8.3)

SPEC REPOS:
  trunk:
    - Alamofire
    - KeychainAccess
    - MSAL
    - ObjectMapper
    - PromiseKit

EXTERNAL SOURCES:
  BikeApi:
    :path: "../"

SPEC CHECKSUMS:
  Alamofire: 85e8a02c69d6020a0d734f6054870d7ecb75cf18
  BikeApi: cfd337d718cb6de63ff2b50ef7e36804c0cb4226
  KeychainAccess: c0c4f7f38f6fc7bbe58f5702e25f7bd2f65abf51
  MSAL: fc6dce17fe34cd14d711651c67f46bff5429ad2d
  ObjectMapper: 1eb41f610210777375fa806bf161dc39fb832b81
  PromiseKit: 9616b0afef31eae56ab9ce044c8ec2b8612a15cd

PODFILE CHECKSUM: 956a3c3e164d668e9436bb5c02ddf561c89303e2

COCOAPODS: 1.11.2
